
Microsoft Visual Studio Solution File, Format Version 12.00
# Visual Studio Version 17
VisualStudioVersion = 17.0.31919.166
MinimumVisualStudioVersion = 10.0.40219.1
Project("{9A19103F-16F7-4668-BE54-9A1E7A4F7556}") = "Tuple", "Tuple\Tuple.csproj", "{576456F2-3816-4E76-A0D8-691C58722975}"
EndProject
Project("{9A19103F-16F7-4668-BE54-9A1E7A4F7556}") = "Nullable Type", "Nullable Type\Nullable Type.csproj", "{AE4B07EC-FF1D-4868-961C-3A67564FC12F}"
EndProject
Project("{9A19103F-16F7-4668-BE54-9A1E7A4F7556}") = "Csharp b9 - exam 1", "Csharp b9 - exam 1\Csharp b9 - exam 1.csproj", "{745D27A2-C635-4460-9FC4-1F86890ED83A}"
EndProject
Project("{9A19103F-16F7-4668-BE54-9A1E7A4F7556}") = "Annonymous Types", "Annonymous Types\Annonymous Types.csproj", "{2A589815-D99A-4F38-A3CD-BE320D197A9F}"
EndProject
Project("{9A19103F-16F7-4668-BE54-9A1E7A4F7556}") = "LamdaMethod", "LamdaMethod\LamdaMethod.csproj", "{63D63AA7-1E0A-4D81-9D53-8819B70FE951}"
EndProject
Project("{9A19103F-16F7-4668-BE54-9A1E7A4F7556}") = "GenericsExample", "GenericsExample\GenericsExample.csproj", "{225FC262-F6A1-48F8-8D62-A5CB6308F6D5}"
EndProject
Project("{9A19103F-16F7-4668-BE54-9A1E7A4F7556}") = "ImportantInterfaces", "ImportantInterfaces\ImportantInterfaces.csproj", "{3DB24FB9-2F25-4CB3-817E-92991E8A77DD}"
EndProject
Project("{9A19103F-16F7-4668-BE54-9A1E7A4F7556}") = "Abstract Method and Class", "Abstract Method and Class\Abstract Method and Class.csproj", "{9826391E-3075-4A8D-BB50-CDE7CAB7FC25}"
EndProject
Project("{9A19103F-16F7-4668-BE54-9A1E7A4F7556}") = "OOP", "OOP\OOP.csproj", "{A4EA6598-137C-4F6D-AC0D-D0028B705AFD}"
EndProject
Project("{9A19103F-16F7-4668-BE54-9A1E7A4F7556}") = "Solid SRP examples", "Solid SRP examples\Solid SRP examples.csproj", "{863C12FA-DF54-4304-A4E6-35628AB142B9}"
EndProject
Project("{9A19103F-16F7-4668-BE54-9A1E7A4F7556}") = "Solid OCP examples", "Solid OCP examples\Solid OCP examples.csproj", "{FD5BE1E9-1F15-4792-BECA-896F05B17044}"
EndProject
Project("{9A19103F-16F7-4668-BE54-9A1E7A4F7556}") = "Solid LSP examples", "Solid LSP examples\Solid LSP examples.csproj", "{B3C7551F-D50D-42B8-9D93-4485008915BA}"
EndProject
Project("{9A19103F-16F7-4668-BE54-9A1E7A4F7556}") = "Solid ISP examples", "Solid ISP examples\Solid ISP examples.csproj", "{D6CA759B-22B2-4CD5-868A-B17088A25D02}"
EndProject
Project("{9A19103F-16F7-4668-BE54-9A1E7A4F7556}") = "Solid DIP examples", "Solid DIP examples\Solid DIP examples.csproj", "{09C7561A-9EF8-4524-8608-1D8AD60D1082}"
EndProject
Project("{9A19103F-16F7-4668-BE54-9A1E7A4F7556}") = "AdonetExamples", "AdonetExamples\AdonetExamples.csproj", "{44F2CF0C-6312-45FB-AE9D-450F6911E25D}"
EndProject
Project("{9A19103F-16F7-4668-BE54-9A1E7A4F7556}") = "FileSystem", "FileSystem\FileSystem.csproj", "{3BD248EC-667C-4DEB-B64C-942975461E19}"
EndProject
Project("{9A19103F-16F7-4668-BE54-9A1E7A4F7556}") = "Delegate 1", "Delegates\Delegate 1.csproj", "{5E4B3D96-0FA1-4E36-B999-B2948187A22A}"
EndProject
Project("{9A19103F-16F7-4668-BE54-9A1E7A4F7556}") = "Events", "Events\Events.csproj", "{CAEBF28A-C815-471F-B105-EF388121A493}"
EndProject
Project("{9A19103F-16F7-4668-BE54-9A1E7A4F7556}") = "IndexerExample", "IndexerExample\IndexerExample.csproj", "{2DBD0332-FF4B-4143-9FF4-4005FF444798}"
EndProject
Project("{9A19103F-16F7-4668-BE54-9A1E7A4F7556}") = "ReflectionExample", "ReflectionExample\ReflectionExample.csproj", "{35B8A137-7F14-46F7-B88B-EE2835F2E118}"
EndProject
Project("{9A19103F-16F7-4668-BE54-9A1E7A4F7556}") = "Dynamics", "Dynamics\Dynamics.csproj", "{BF89D13E-BF3D-44FB-943B-FD00F53F3821}"
EndProject
Project("{9A19103F-16F7-4668-BE54-9A1E7A4F7556}") = "ExtensionMethods", "ExtensionMethods\ExtensionMethods.csproj", "{439A66E8-3ADE-479C-9300-EB14E63F8BC8}"
EndProject
Project("{9A19103F-16F7-4668-BE54-9A1E7A4F7556}") = "NewSwitch", "NewSwitch\NewSwitch.csproj", "{D4E05138-928B-4A72-A391-F3384407C114}"
EndProject
Project("{9A19103F-16F7-4668-BE54-9A1E7A4F7556}") = "AsyncExamples", "AsyncExamples\AsyncExamples.csproj", "{77F766E5-93DD-4212-9737-1CAF9891E817}"
EndProject
Project("{9A19103F-16F7-4668-BE54-9A1E7A4F7556}") = "Expression", "Expression\Expression.csproj", "{63023293-D706-49FD-9A9B-84F77F565A46}"
EndProject
Project("{9A19103F-16F7-4668-BE54-9A1E7A4F7556}") = "ABC ConsoleApp1", "ABC ConsoleApp1\ABC ConsoleApp1.csproj", "{97670AD4-878C-4E2C-8898-E912A4A302FD}"
EndProject
Project("{9A19103F-16F7-4668-BE54-9A1E7A4F7556}") = "ReverseIndexing", "ReverseIndexing\ReverseIndexing.csproj", "{320FB40D-E1EF-4D79-86C1-2CD290F202E4}"
EndProject
Project("{9A19103F-16F7-4668-BE54-9A1E7A4F7556}") = "Array-multi dimensional-Jagged array", "Array-multi dimensional-Jagged array\Array-multi dimensional-Jagged array.csproj", "{D18271D9-D0DF-47F7-BAA6-75484DD8868D}"
EndProject
Project("{9A19103F-16F7-4668-BE54-9A1E7A4F7556}") = "Property-Auto property", "Property-Auto property\Property-Auto property.csproj", "{821310F8-769C-454A-A9A0-0AE550D81EA9}"
EndProject
Project("{9A19103F-16F7-4668-BE54-9A1E7A4F7556}") = "Inheritance", "Inheritance\Inheritance.csproj", "{AF5C3C56-6005-47C2-B7C8-6636A7A044F6}"
EndProject
Project("{9A19103F-16F7-4668-BE54-9A1E7A4F7556}") = "PartialClass", "PartialClass\PartialClass.csproj", "{5A017EFF-F506-41A2-8E8A-70C7A23CE770}"
EndProject
Project("{9A19103F-16F7-4668-BE54-9A1E7A4F7556}") = "Structures", "Structures\Structures.csproj", "{8A818640-4EB8-4329-96D8-468EA028F41C}"
EndProject
Project("{9A19103F-16F7-4668-BE54-9A1E7A4F7556}") = "ParameterModifiers", "ParameterModifiers\ParameterModifiers.csproj", "{E24474B1-7E76-4B4D-A2F9-BA685AE25E0D}"
EndProject
Project("{9A19103F-16F7-4668-BE54-9A1E7A4F7556}") = "Enum", "Enum\Enum.csproj", "{456D010D-EB1E-4918-9C67-1803EDB3B522}"
EndProject
Project("{9A19103F-16F7-4668-BE54-9A1E7A4F7556}") = "OperatorOverloading", "OperatorOverloading\OperatorOverloading.csproj", "{3FB91A1A-2A3B-4541-937C-22E712460A31}"
EndProject
Project("{9A19103F-16F7-4668-BE54-9A1E7A4F7556}") = "Constructor", "Constructor\Constructor.csproj", "{95F99EF0-6E61-4523-BF84-8184874A3261}"
EndProject
Project("{9A19103F-16F7-4668-BE54-9A1E7A4F7556}") = "Solid DIP examples 2", "Solid DIP examples 2\Solid DIP examples 2.csproj", "{3F6D9FA3-B50A-4A83-AF86-07E24A8B77EE}"
EndProject
Project("{9A19103F-16F7-4668-BE54-9A1E7A4F7556}") = "Delegate 2 _ simpleCalulator", "Delegates1\Delegate 2 _ simpleCalulator.csproj", "{750380A1-7B2E-4D2C-AED1-C84AD2FC60A7}"
EndProject
Project("{9A19103F-16F7-4668-BE54-9A1E7A4F7556}") = "Delegate 3 _ simpleCalculator", "Delegates2.simpleCalculator\Delegate 3 _ simpleCalculator.csproj", "{A2989C61-DE4C-4526-A296-06694A1423BD}"
EndProject
Project("{9A19103F-16F7-4668-BE54-9A1E7A4F7556}") = "ReflectionPractice1", "ReflectionPractice1\ReflectionPractice1.csproj", "{086D52B0-A1EF-4644-9FFE-092411E33E37}"
EndProject
Project("{9A19103F-16F7-4668-BE54-9A1E7A4F7556}") = "Json b sojib", "Json b7 sojib\Json b sojib.csproj", "{32A05B4D-F3A9-4BD0-A929-ED4BC04A7DFA}"
EndProject
Project("{9A19103F-16F7-4668-BE54-9A1E7A4F7556}") = "ReflectionPractice2", "ReflectionPractice2\ReflectionPractice2.csproj", "{C4707BCC-DCC2-48A5-816D-71904CB328D1}"
EndProject
Project("{9A19103F-16F7-4668-BE54-9A1E7A4F7556}") = "ReflectionPractices3Assaignment related", "ReflectionPractices3Assaignment related\ReflectionPractices3Assaignment related.csproj", "{600C6104-BB31-478C-A327-24B4D5535AEB}"
EndProject
Project("{9A19103F-16F7-4668-BE54-9A1E7A4F7556}") = "Reflection.DateTime.Practice", "Reflection.DateTime.Practice\Reflection.DateTime.Practice.csproj", "{0AAF8FCF-6932-45ED-9DB9-DD1DFF85D1D1}"
EndProject
Project("{9A19103F-16F7-4668-BE54-9A1E7A4F7556}") = "LINQ 1", "LINQ 1\LINQ 1.csproj", "{537B092D-8A47-48C9-93CA-83019542E818}"
EndProject
Project("{9A19103F-16F7-4668-BE54-9A1E7A4F7556}") = "Delegate 4 _ Send campaign url to User", "Delegate 4 _ Email url generate\Delegate 4 _ Send campaign url to User.csproj", "{526492C7-FD2F-43F7-8EF0-6079B80A82FD}"
EndProject
Project("{9A19103F-16F7-4668-BE54-9A1E7A4F7556}") = "LINQ 2. Nested", "LINQ 2. Nested\LINQ 2. Nested.csproj", "{79454FA1-448D-47B8-BE1A-B7FF7A940EB6}"
EndProject
Project("{2150E333-8FDC-42A3-9474-1A3956D46DE8}") = "DependencyInjection", "DependencyInjection", "{D0484DD2-02FF-45C5-AD52-78BB22D2B829}"
EndProject
Project("{9A19103F-16F7-4668-BE54-9A1E7A4F7556}") = "Demo", "Demo\Demo.csproj", "{ED8B590C-758B-4BF4-B8AE-2CB4EAC99725}"
EndProject
Project("{9A19103F-16F7-4668-BE54-9A1E7A4F7556}") = "Lib", "Lib\Lib.csproj", "{59458E1B-A402-4C80-B6E4-DDBC4CA5F93B}"
EndProject
Project("{9A19103F-16F7-4668-BE54-9A1E7A4F7556}") = "PrimaryLib", "PrimaryLib\PrimaryLib.csproj", "{1647E01A-96A0-42EF-A95F-E6EA232B3975}"
EndProject
Project("{2150E333-8FDC-42A3-9474-1A3956D46DE8}") = "DependencyInjection1", "DependencyInjection1", "{AD066D9C-FCE4-41DD-9D5F-7BC741B77D6D}"
EndProject
Project("{9A19103F-16F7-4668-BE54-9A1E7A4F7556}") = "Demo1", "Demo1\Demo1.csproj", "{C447286A-BBD8-4102-A05E-0F0B48DB483E}"
EndProject
Project("{9A19103F-16F7-4668-BE54-9A1E7A4F7556}") = "PrimaryLib1", "PrimaryLib1\PrimaryLib1.csproj", "{AD32CCCA-E563-4F5A-A2DC-225D62CDB2CD}"
EndProject
Project("{9A19103F-16F7-4668-BE54-9A1E7A4F7556}") = "Lib1", "Lib1\Lib1.csproj", "{AD695BAD-33BC-4746-AE8C-4438757B57B0}"
EndProject
Project("{2150E333-8FDC-42A3-9474-1A3956D46DE8}") = "LINQ Query syntax", "LINQ Query syntax", "{2CF3611B-1558-446A-8992-89BFD4EB2BBB}"
	ProjectSection(SolutionItems) = preProject
		Note on Query syntax.txt = Note on Query syntax.txt
	EndProjectSection
EndProject
Project("{9A19103F-16F7-4668-BE54-9A1E7A4F7556}") = "LINQ Query syntax 1", "LINQ Query syntax 1\LINQ Query syntax 1.csproj", "{5D5F1A1D-9EDA-4F0E-8C0A-150AAB4DB75E}"
EndProject
Project("{9A19103F-16F7-4668-BE54-9A1E7A4F7556}") = "LINQ Query syntax 2", "LINQ Query syntax 2\LINQ Query syntax 2.csproj", "{AAACF6BB-AF7E-49A1-A389-9C3BD2C5475B}"
EndProject
Project("{9A19103F-16F7-4668-BE54-9A1E7A4F7556}") = "LINQ Query syntax 3", "LINQ Query syntax 3\LINQ Query syntax 3.csproj", "{E4712CFF-5F48-430D-8578-563A3E02E6DB}"
EndProject
Project("{9A19103F-16F7-4668-BE54-9A1E7A4F7556}") = "Group cluse", "Group cluse\Group cluse.csproj", "{D4F531D4-BEC8-4A97-8AC0-831E37F503B5}"
EndProject
Project("{9A19103F-16F7-4668-BE54-9A1E7A4F7556}") = "Select clause", "Select clause\Select clause.csproj", "{FD3DB918-EBAF-4286-AFF0-26343124265D}"
EndProject
Project("{9A19103F-16F7-4668-BE54-9A1E7A4F7556}") = "where clause", "where clause\where clause.csproj", "{71A7D3B5-4678-4E2E-A631-C8E4614FCCBF}"
EndProject
Project("{9A19103F-16F7-4668-BE54-9A1E7A4F7556}") = "AAA Practice Practice Practice", "AAA Practice Practice Practice\AAA Practice Practice Practice.csproj", "{13D37C55-E8E2-4356-BFE7-1B55C3C1DA4D}"
EndProject
Project("{9A19103F-16F7-4668-BE54-9A1E7A4F7556}") = "Inner Join", "Inner Join\Inner Join.csproj", "{6E11447C-BEC1-4371-B4D6-CB3707B10344}"
EndProject
Project("{FAE04EC0-301F-11D3-BF4B-00C04F79EFBC}") = "Left Join and Right Join", "Left Join and Right Join\Left Join and Right Join.csproj", "{14D86159-F7A3-4025-90EB-04DA5F540D52}"
EndProject
Global
	GlobalSection(SolutionConfigurationPlatforms) = preSolution
		Debug|Any CPU = Debug|Any CPU
		Release|Any CPU = Release|Any CPU
	EndGlobalSection
	GlobalSection(ProjectConfigurationPlatforms) = postSolution
		{576456F2-3816-4E76-A0D8-691C58722975}.Debug|Any CPU.ActiveCfg = Debug|Any CPU
		{576456F2-3816-4E76-A0D8-691C58722975}.Debug|Any CPU.Build.0 = Debug|Any CPU
		{576456F2-3816-4E76-A0D8-691C58722975}.Release|Any CPU.ActiveCfg = Release|Any CPU
		{576456F2-3816-4E76-A0D8-691C58722975}.Release|Any CPU.Build.0 = Release|Any CPU
		{AE4B07EC-FF1D-4868-961C-3A67564FC12F}.Debug|Any CPU.ActiveCfg = Debug|Any CPU
		{AE4B07EC-FF1D-4868-961C-3A67564FC12F}.Debug|Any CPU.Build.0 = Debug|Any CPU
		{AE4B07EC-FF1D-4868-961C-3A67564FC12F}.Release|Any CPU.ActiveCfg = Release|Any CPU
		{AE4B07EC-FF1D-4868-961C-3A67564FC12F}.Release|Any CPU.Build.0 = Release|Any CPU
		{745D27A2-C635-4460-9FC4-1F86890ED83A}.Debug|Any CPU.ActiveCfg = Debug|Any CPU
		{745D27A2-C635-4460-9FC4-1F86890ED83A}.Debug|Any CPU.Build.0 = Debug|Any CPU
		{745D27A2-C635-4460-9FC4-1F86890ED83A}.Release|Any CPU.ActiveCfg = Release|Any CPU
		{745D27A2-C635-4460-9FC4-1F86890ED83A}.Release|Any CPU.Build.0 = Release|Any CPU
		{2A589815-D99A-4F38-A3CD-BE320D197A9F}.Debug|Any CPU.ActiveCfg = Debug|Any CPU
		{2A589815-D99A-4F38-A3CD-BE320D197A9F}.Debug|Any CPU.Build.0 = Debug|Any CPU
		{2A589815-D99A-4F38-A3CD-BE320D197A9F}.Release|Any CPU.ActiveCfg = Release|Any CPU
		{2A589815-D99A-4F38-A3CD-BE320D197A9F}.Release|Any CPU.Build.0 = Release|Any CPU
		{63D63AA7-1E0A-4D81-9D53-8819B70FE951}.Debug|Any CPU.ActiveCfg = Debug|Any CPU
		{63D63AA7-1E0A-4D81-9D53-8819B70FE951}.Debug|Any CPU.Build.0 = Debug|Any CPU
		{63D63AA7-1E0A-4D81-9D53-8819B70FE951}.Release|Any CPU.ActiveCfg = Release|Any CPU
		{63D63AA7-1E0A-4D81-9D53-8819B70FE951}.Release|Any CPU.Build.0 = Release|Any CPU
		{225FC262-F6A1-48F8-8D62-A5CB6308F6D5}.Debug|Any CPU.ActiveCfg = Debug|Any CPU
		{225FC262-F6A1-48F8-8D62-A5CB6308F6D5}.Debug|Any CPU.Build.0 = Debug|Any CPU
		{225FC262-F6A1-48F8-8D62-A5CB6308F6D5}.Release|Any CPU.ActiveCfg = Release|Any CPU
		{225FC262-F6A1-48F8-8D62-A5CB6308F6D5}.Release|Any CPU.Build.0 = Release|Any CPU
		{3DB24FB9-2F25-4CB3-817E-92991E8A77DD}.Debug|Any CPU.ActiveCfg = Debug|Any CPU
		{3DB24FB9-2F25-4CB3-817E-92991E8A77DD}.Debug|Any CPU.Build.0 = Debug|Any CPU
		{3DB24FB9-2F25-4CB3-817E-92991E8A77DD}.Release|Any CPU.ActiveCfg = Release|Any CPU
		{3DB24FB9-2F25-4CB3-817E-92991E8A77DD}.Release|Any CPU.Build.0 = Release|Any CPU
		{9826391E-3075-4A8D-BB50-CDE7CAB7FC25}.Debug|Any CPU.ActiveCfg = Debug|Any CPU
		{9826391E-3075-4A8D-BB50-CDE7CAB7FC25}.Debug|Any CPU.Build.0 = Debug|Any CPU
		{9826391E-3075-4A8D-BB50-CDE7CAB7FC25}.Release|Any CPU.ActiveCfg = Release|Any CPU
		{9826391E-3075-4A8D-BB50-CDE7CAB7FC25}.Release|Any CPU.Build.0 = Release|Any CPU
		{A4EA6598-137C-4F6D-AC0D-D0028B705AFD}.Debug|Any CPU.ActiveCfg = Debug|Any CPU
		{A4EA6598-137C-4F6D-AC0D-D0028B705AFD}.Debug|Any CPU.Build.0 = Debug|Any CPU
		{A4EA6598-137C-4F6D-AC0D-D0028B705AFD}.Release|Any CPU.ActiveCfg = Release|Any CPU
		{A4EA6598-137C-4F6D-AC0D-D0028B705AFD}.Release|Any CPU.Build.0 = Release|Any CPU
		{863C12FA-DF54-4304-A4E6-35628AB142B9}.Debug|Any CPU.ActiveCfg = Debug|Any CPU
		{863C12FA-DF54-4304-A4E6-35628AB142B9}.Debug|Any CPU.Build.0 = Debug|Any CPU
		{863C12FA-DF54-4304-A4E6-35628AB142B9}.Release|Any CPU.ActiveCfg = Release|Any CPU
		{863C12FA-DF54-4304-A4E6-35628AB142B9}.Release|Any CPU.Build.0 = Release|Any CPU
		{FD5BE1E9-1F15-4792-BECA-896F05B17044}.Debug|Any CPU.ActiveCfg = Debug|Any CPU
		{FD5BE1E9-1F15-4792-BECA-896F05B17044}.Debug|Any CPU.Build.0 = Debug|Any CPU
		{FD5BE1E9-1F15-4792-BECA-896F05B17044}.Release|Any CPU.ActiveCfg = Release|Any CPU
		{FD5BE1E9-1F15-4792-BECA-896F05B17044}.Release|Any CPU.Build.0 = Release|Any CPU
		{B3C7551F-D50D-42B8-9D93-4485008915BA}.Debug|Any CPU.ActiveCfg = Debug|Any CPU
		{B3C7551F-D50D-42B8-9D93-4485008915BA}.Debug|Any CPU.Build.0 = Debug|Any CPU
		{B3C7551F-D50D-42B8-9D93-4485008915BA}.Release|Any CPU.ActiveCfg = Release|Any CPU
		{B3C7551F-D50D-42B8-9D93-4485008915BA}.Release|Any CPU.Build.0 = Release|Any CPU
		{D6CA759B-22B2-4CD5-868A-B17088A25D02}.Debug|Any CPU.ActiveCfg = Debug|Any CPU
		{D6CA759B-22B2-4CD5-868A-B17088A25D02}.Debug|Any CPU.Build.0 = Debug|Any CPU
		{D6CA759B-22B2-4CD5-868A-B17088A25D02}.Release|Any CPU.ActiveCfg = Release|Any CPU
		{D6CA759B-22B2-4CD5-868A-B17088A25D02}.Release|Any CPU.Build.0 = Release|Any CPU
		{09C7561A-9EF8-4524-8608-1D8AD60D1082}.Debug|Any CPU.ActiveCfg = Debug|Any CPU
		{09C7561A-9EF8-4524-8608-1D8AD60D1082}.Debug|Any CPU.Build.0 = Debug|Any CPU
		{09C7561A-9EF8-4524-8608-1D8AD60D1082}.Release|Any CPU.ActiveCfg = Release|Any CPU
		{09C7561A-9EF8-4524-8608-1D8AD60D1082}.Release|Any CPU.Build.0 = Release|Any CPU
		{44F2CF0C-6312-45FB-AE9D-450F6911E25D}.Debug|Any CPU.ActiveCfg = Debug|Any CPU
		{44F2CF0C-6312-45FB-AE9D-450F6911E25D}.Debug|Any CPU.Build.0 = Debug|Any CPU
		{44F2CF0C-6312-45FB-AE9D-450F6911E25D}.Release|Any CPU.ActiveCfg = Release|Any CPU
		{44F2CF0C-6312-45FB-AE9D-450F6911E25D}.Release|Any CPU.Build.0 = Release|Any CPU
		{3BD248EC-667C-4DEB-B64C-942975461E19}.Debug|Any CPU.ActiveCfg = Debug|Any CPU
		{3BD248EC-667C-4DEB-B64C-942975461E19}.Debug|Any CPU.Build.0 = Debug|Any CPU
		{3BD248EC-667C-4DEB-B64C-942975461E19}.Release|Any CPU.ActiveCfg = Release|Any CPU
		{3BD248EC-667C-4DEB-B64C-942975461E19}.Release|Any CPU.Build.0 = Release|Any CPU
		{5E4B3D96-0FA1-4E36-B999-B2948187A22A}.Debug|Any CPU.ActiveCfg = Debug|Any CPU
		{5E4B3D96-0FA1-4E36-B999-B2948187A22A}.Debug|Any CPU.Build.0 = Debug|Any CPU
		{5E4B3D96-0FA1-4E36-B999-B2948187A22A}.Release|Any CPU.ActiveCfg = Release|Any CPU
		{5E4B3D96-0FA1-4E36-B999-B2948187A22A}.Release|Any CPU.Build.0 = Release|Any CPU
		{CAEBF28A-C815-471F-B105-EF388121A493}.Debug|Any CPU.ActiveCfg = Debug|Any CPU
		{CAEBF28A-C815-471F-B105-EF388121A493}.Debug|Any CPU.Build.0 = Debug|Any CPU
		{CAEBF28A-C815-471F-B105-EF388121A493}.Release|Any CPU.ActiveCfg = Release|Any CPU
		{CAEBF28A-C815-471F-B105-EF388121A493}.Release|Any CPU.Build.0 = Release|Any CPU
		{2DBD0332-FF4B-4143-9FF4-4005FF444798}.Debug|Any CPU.ActiveCfg = Debug|Any CPU
		{2DBD0332-FF4B-4143-9FF4-4005FF444798}.Debug|Any CPU.Build.0 = Debug|Any CPU
		{2DBD0332-FF4B-4143-9FF4-4005FF444798}.Release|Any CPU.ActiveCfg = Release|Any CPU
		{2DBD0332-FF4B-4143-9FF4-4005FF444798}.Release|Any CPU.Build.0 = Release|Any CPU
		{35B8A137-7F14-46F7-B88B-EE2835F2E118}.Debug|Any CPU.ActiveCfg = Debug|Any CPU
		{35B8A137-7F14-46F7-B88B-EE2835F2E118}.Debug|Any CPU.Build.0 = Debug|Any CPU
		{35B8A137-7F14-46F7-B88B-EE2835F2E118}.Release|Any CPU.ActiveCfg = Release|Any CPU
		{35B8A137-7F14-46F7-B88B-EE2835F2E118}.Release|Any CPU.Build.0 = Release|Any CPU
		{BF89D13E-BF3D-44FB-943B-FD00F53F3821}.Debug|Any CPU.ActiveCfg = Debug|Any CPU
		{BF89D13E-BF3D-44FB-943B-FD00F53F3821}.Debug|Any CPU.Build.0 = Debug|Any CPU
		{BF89D13E-BF3D-44FB-943B-FD00F53F3821}.Release|Any CPU.ActiveCfg = Release|Any CPU
		{BF89D13E-BF3D-44FB-943B-FD00F53F3821}.Release|Any CPU.Build.0 = Release|Any CPU
		{439A66E8-3ADE-479C-9300-EB14E63F8BC8}.Debug|Any CPU.ActiveCfg = Debug|Any CPU
		{439A66E8-3ADE-479C-9300-EB14E63F8BC8}.Debug|Any CPU.Build.0 = Debug|Any CPU
		{439A66E8-3ADE-479C-9300-EB14E63F8BC8}.Release|Any CPU.ActiveCfg = Release|Any CPU
		{439A66E8-3ADE-479C-9300-EB14E63F8BC8}.Release|Any CPU.Build.0 = Release|Any CPU
		{D4E05138-928B-4A72-A391-F3384407C114}.Debug|Any CPU.ActiveCfg = Debug|Any CPU
		{D4E05138-928B-4A72-A391-F3384407C114}.Debug|Any CPU.Build.0 = Debug|Any CPU
		{D4E05138-928B-4A72-A391-F3384407C114}.Release|Any CPU.ActiveCfg = Release|Any CPU
		{D4E05138-928B-4A72-A391-F3384407C114}.Release|Any CPU.Build.0 = Release|Any CPU
		{77F766E5-93DD-4212-9737-1CAF9891E817}.Debug|Any CPU.ActiveCfg = Debug|Any CPU
		{77F766E5-93DD-4212-9737-1CAF9891E817}.Debug|Any CPU.Build.0 = Debug|Any CPU
		{77F766E5-93DD-4212-9737-1CAF9891E817}.Release|Any CPU.ActiveCfg = Release|Any CPU
		{77F766E5-93DD-4212-9737-1CAF9891E817}.Release|Any CPU.Build.0 = Release|Any CPU
		{63023293-D706-49FD-9A9B-84F77F565A46}.Debug|Any CPU.ActiveCfg = Debug|Any CPU
		{63023293-D706-49FD-9A9B-84F77F565A46}.Debug|Any CPU.Build.0 = Debug|Any CPU
		{63023293-D706-49FD-9A9B-84F77F565A46}.Release|Any CPU.ActiveCfg = Release|Any CPU
		{63023293-D706-49FD-9A9B-84F77F565A46}.Release|Any CPU.Build.0 = Release|Any CPU
		{97670AD4-878C-4E2C-8898-E912A4A302FD}.Debug|Any CPU.ActiveCfg = Debug|Any CPU
		{97670AD4-878C-4E2C-8898-E912A4A302FD}.Debug|Any CPU.Build.0 = Debug|Any CPU
		{97670AD4-878C-4E2C-8898-E912A4A302FD}.Release|Any CPU.ActiveCfg = Release|Any CPU
		{97670AD4-878C-4E2C-8898-E912A4A302FD}.Release|Any CPU.Build.0 = Release|Any CPU
		{320FB40D-E1EF-4D79-86C1-2CD290F202E4}.Debug|Any CPU.ActiveCfg = Debug|Any CPU
		{320FB40D-E1EF-4D79-86C1-2CD290F202E4}.Debug|Any CPU.Build.0 = Debug|Any CPU
		{320FB40D-E1EF-4D79-86C1-2CD290F202E4}.Release|Any CPU.ActiveCfg = Release|Any CPU
		{320FB40D-E1EF-4D79-86C1-2CD290F202E4}.Release|Any CPU.Build.0 = Release|Any CPU
		{D18271D9-D0DF-47F7-BAA6-75484DD8868D}.Debug|Any CPU.ActiveCfg = Debug|Any CPU
		{D18271D9-D0DF-47F7-BAA6-75484DD8868D}.Debug|Any CPU.Build.0 = Debug|Any CPU
		{D18271D9-D0DF-47F7-BAA6-75484DD8868D}.Release|Any CPU.ActiveCfg = Release|Any CPU
		{D18271D9-D0DF-47F7-BAA6-75484DD8868D}.Release|Any CPU.Build.0 = Release|Any CPU
		{821310F8-769C-454A-A9A0-0AE550D81EA9}.Debug|Any CPU.ActiveCfg = Debug|Any CPU
		{821310F8-769C-454A-A9A0-0AE550D81EA9}.Debug|Any CPU.Build.0 = Debug|Any CPU
		{821310F8-769C-454A-A9A0-0AE550D81EA9}.Release|Any CPU.ActiveCfg = Release|Any CPU
		{821310F8-769C-454A-A9A0-0AE550D81EA9}.Release|Any CPU.Build.0 = Release|Any CPU
		{AF5C3C56-6005-47C2-B7C8-6636A7A044F6}.Debug|Any CPU.ActiveCfg = Debug|Any CPU
		{AF5C3C56-6005-47C2-B7C8-6636A7A044F6}.Debug|Any CPU.Build.0 = Debug|Any CPU
		{AF5C3C56-6005-47C2-B7C8-6636A7A044F6}.Release|Any CPU.ActiveCfg = Release|Any CPU
		{AF5C3C56-6005-47C2-B7C8-6636A7A044F6}.Release|Any CPU.Build.0 = Release|Any CPU
		{5A017EFF-F506-41A2-8E8A-70C7A23CE770}.Debug|Any CPU.ActiveCfg = Debug|Any CPU
		{5A017EFF-F506-41A2-8E8A-70C7A23CE770}.Debug|Any CPU.Build.0 = Debug|Any CPU
		{5A017EFF-F506-41A2-8E8A-70C7A23CE770}.Release|Any CPU.ActiveCfg = Release|Any CPU
		{5A017EFF-F506-41A2-8E8A-70C7A23CE770}.Release|Any CPU.Build.0 = Release|Any CPU
		{8A818640-4EB8-4329-96D8-468EA028F41C}.Debug|Any CPU.ActiveCfg = Debug|Any CPU
		{8A818640-4EB8-4329-96D8-468EA028F41C}.Debug|Any CPU.Build.0 = Debug|Any CPU
		{8A818640-4EB8-4329-96D8-468EA028F41C}.Release|Any CPU.ActiveCfg = Release|Any CPU
		{8A818640-4EB8-4329-96D8-468EA028F41C}.Release|Any CPU.Build.0 = Release|Any CPU
		{E24474B1-7E76-4B4D-A2F9-BA685AE25E0D}.Debug|Any CPU.ActiveCfg = Debug|Any CPU
		{E24474B1-7E76-4B4D-A2F9-BA685AE25E0D}.Debug|Any CPU.Build.0 = Debug|Any CPU
		{E24474B1-7E76-4B4D-A2F9-BA685AE25E0D}.Release|Any CPU.ActiveCfg = Release|Any CPU
		{E24474B1-7E76-4B4D-A2F9-BA685AE25E0D}.Release|Any CPU.Build.0 = Release|Any CPU
		{456D010D-EB1E-4918-9C67-1803EDB3B522}.Debug|Any CPU.ActiveCfg = Debug|Any CPU
		{456D010D-EB1E-4918-9C67-1803EDB3B522}.Debug|Any CPU.Build.0 = Debug|Any CPU
		{456D010D-EB1E-4918-9C67-1803EDB3B522}.Release|Any CPU.ActiveCfg = Release|Any CPU
		{456D010D-EB1E-4918-9C67-1803EDB3B522}.Release|Any CPU.Build.0 = Release|Any CPU
		{3FB91A1A-2A3B-4541-937C-22E712460A31}.Debug|Any CPU.ActiveCfg = Debug|Any CPU
		{3FB91A1A-2A3B-4541-937C-22E712460A31}.Debug|Any CPU.Build.0 = Debug|Any CPU
		{3FB91A1A-2A3B-4541-937C-22E712460A31}.Release|Any CPU.ActiveCfg = Release|Any CPU
		{3FB91A1A-2A3B-4541-937C-22E712460A31}.Release|Any CPU.Build.0 = Release|Any CPU
		{95F99EF0-6E61-4523-BF84-8184874A3261}.Debug|Any CPU.ActiveCfg = Debug|Any CPU
		{95F99EF0-6E61-4523-BF84-8184874A3261}.Debug|Any CPU.Build.0 = Debug|Any CPU
		{95F99EF0-6E61-4523-BF84-8184874A3261}.Release|Any CPU.ActiveCfg = Release|Any CPU
		{95F99EF0-6E61-4523-BF84-8184874A3261}.Release|Any CPU.Build.0 = Release|Any CPU
		{3F6D9FA3-B50A-4A83-AF86-07E24A8B77EE}.Debug|Any CPU.ActiveCfg = Debug|Any CPU
		{3F6D9FA3-B50A-4A83-AF86-07E24A8B77EE}.Debug|Any CPU.Build.0 = Debug|Any CPU
		{3F6D9FA3-B50A-4A83-AF86-07E24A8B77EE}.Release|Any CPU.ActiveCfg = Release|Any CPU
		{3F6D9FA3-B50A-4A83-AF86-07E24A8B77EE}.Release|Any CPU.Build.0 = Release|Any CPU
		{750380A1-7B2E-4D2C-AED1-C84AD2FC60A7}.Debug|Any CPU.ActiveCfg = Debug|Any CPU
		{750380A1-7B2E-4D2C-AED1-C84AD2FC60A7}.Debug|Any CPU.Build.0 = Debug|Any CPU
		{750380A1-7B2E-4D2C-AED1-C84AD2FC60A7}.Release|Any CPU.ActiveCfg = Release|Any CPU
		{750380A1-7B2E-4D2C-AED1-C84AD2FC60A7}.Release|Any CPU.Build.0 = Release|Any CPU
		{A2989C61-DE4C-4526-A296-06694A1423BD}.Debug|Any CPU.ActiveCfg = Debug|Any CPU
		{A2989C61-DE4C-4526-A296-06694A1423BD}.Debug|Any CPU.Build.0 = Debug|Any CPU
		{A2989C61-DE4C-4526-A296-06694A1423BD}.Release|Any CPU.ActiveCfg = Release|Any CPU
		{A2989C61-DE4C-4526-A296-06694A1423BD}.Release|Any CPU.Build.0 = Release|Any CPU
		{086D52B0-A1EF-4644-9FFE-092411E33E37}.Debug|Any CPU.ActiveCfg = Debug|Any CPU
		{086D52B0-A1EF-4644-9FFE-092411E33E37}.Debug|Any CPU.Build.0 = Debug|Any CPU
		{086D52B0-A1EF-4644-9FFE-092411E33E37}.Release|Any CPU.ActiveCfg = Release|Any CPU
		{086D52B0-A1EF-4644-9FFE-092411E33E37}.Release|Any CPU.Build.0 = Release|Any CPU
		{32A05B4D-F3A9-4BD0-A929-ED4BC04A7DFA}.Debug|Any CPU.ActiveCfg = Debug|Any CPU
		{32A05B4D-F3A9-4BD0-A929-ED4BC04A7DFA}.Debug|Any CPU.Build.0 = Debug|Any CPU
		{32A05B4D-F3A9-4BD0-A929-ED4BC04A7DFA}.Release|Any CPU.ActiveCfg = Release|Any CPU
		{32A05B4D-F3A9-4BD0-A929-ED4BC04A7DFA}.Release|Any CPU.Build.0 = Release|Any CPU
		{C4707BCC-DCC2-48A5-816D-71904CB328D1}.Debug|Any CPU.ActiveCfg = Debug|Any CPU
		{C4707BCC-DCC2-48A5-816D-71904CB328D1}.Debug|Any CPU.Build.0 = Debug|Any CPU
		{C4707BCC-DCC2-48A5-816D-71904CB328D1}.Release|Any CPU.ActiveCfg = Release|Any CPU
		{C4707BCC-DCC2-48A5-816D-71904CB328D1}.Release|Any CPU.Build.0 = Release|Any CPU
		{600C6104-BB31-478C-A327-24B4D5535AEB}.Debug|Any CPU.ActiveCfg = Debug|Any CPU
		{600C6104-BB31-478C-A327-24B4D5535AEB}.Debug|Any CPU.Build.0 = Debug|Any CPU
		{600C6104-BB31-478C-A327-24B4D5535AEB}.Release|Any CPU.ActiveCfg = Release|Any CPU
		{600C6104-BB31-478C-A327-24B4D5535AEB}.Release|Any CPU.Build.0 = Release|Any CPU
		{0AAF8FCF-6932-45ED-9DB9-DD1DFF85D1D1}.Debug|Any CPU.ActiveCfg = Debug|Any CPU
		{0AAF8FCF-6932-45ED-9DB9-DD1DFF85D1D1}.Debug|Any CPU.Build.0 = Debug|Any CPU
		{0AAF8FCF-6932-45ED-9DB9-DD1DFF85D1D1}.Release|Any CPU.ActiveCfg = Release|Any CPU
		{0AAF8FCF-6932-45ED-9DB9-DD1DFF85D1D1}.Release|Any CPU.Build.0 = Release|Any CPU
		{537B092D-8A47-48C9-93CA-83019542E818}.Debug|Any CPU.ActiveCfg = Debug|Any CPU
		{537B092D-8A47-48C9-93CA-83019542E818}.Debug|Any CPU.Build.0 = Debug|Any CPU
		{537B092D-8A47-48C9-93CA-83019542E818}.Release|Any CPU.ActiveCfg = Release|Any CPU
		{537B092D-8A47-48C9-93CA-83019542E818}.Release|Any CPU.Build.0 = Release|Any CPU
		{526492C7-FD2F-43F7-8EF0-6079B80A82FD}.Debug|Any CPU.ActiveCfg = Debug|Any CPU
		{526492C7-FD2F-43F7-8EF0-6079B80A82FD}.Debug|Any CPU.Build.0 = Debug|Any CPU
		{526492C7-FD2F-43F7-8EF0-6079B80A82FD}.Release|Any CPU.ActiveCfg = Release|Any CPU
		{526492C7-FD2F-43F7-8EF0-6079B80A82FD}.Release|Any CPU.Build.0 = Release|Any CPU
		{79454FA1-448D-47B8-BE1A-B7FF7A940EB6}.Debug|Any CPU.ActiveCfg = Debug|Any CPU
		{79454FA1-448D-47B8-BE1A-B7FF7A940EB6}.Debug|Any CPU.Build.0 = Debug|Any CPU
		{79454FA1-448D-47B8-BE1A-B7FF7A940EB6}.Release|Any CPU.ActiveCfg = Release|Any CPU
		{79454FA1-448D-47B8-BE1A-B7FF7A940EB6}.Release|Any CPU.Build.0 = Release|Any CPU
		{ED8B590C-758B-4BF4-B8AE-2CB4EAC99725}.Debug|Any CPU.ActiveCfg = Debug|Any CPU
		{ED8B590C-758B-4BF4-B8AE-2CB4EAC99725}.Debug|Any CPU.Build.0 = Debug|Any CPU
		{ED8B590C-758B-4BF4-B8AE-2CB4EAC99725}.Release|Any CPU.ActiveCfg = Release|Any CPU
		{ED8B590C-758B-4BF4-B8AE-2CB4EAC99725}.Release|Any CPU.Build.0 = Release|Any CPU
		{59458E1B-A402-4C80-B6E4-DDBC4CA5F93B}.Debug|Any CPU.ActiveCfg = Debug|Any CPU
		{59458E1B-A402-4C80-B6E4-DDBC4CA5F93B}.Debug|Any CPU.Build.0 = Debug|Any CPU
		{59458E1B-A402-4C80-B6E4-DDBC4CA5F93B}.Release|Any CPU.ActiveCfg = Release|Any CPU
		{59458E1B-A402-4C80-B6E4-DDBC4CA5F93B}.Release|Any CPU.Build.0 = Release|Any CPU
		{1647E01A-96A0-42EF-A95F-E6EA232B3975}.Debug|Any CPU.ActiveCfg = Debug|Any CPU
		{1647E01A-96A0-42EF-A95F-E6EA232B3975}.Debug|Any CPU.Build.0 = Debug|Any CPU
		{1647E01A-96A0-42EF-A95F-E6EA232B3975}.Release|Any CPU.ActiveCfg = Release|Any CPU
		{1647E01A-96A0-42EF-A95F-E6EA232B3975}.Release|Any CPU.Build.0 = Release|Any CPU
		{C447286A-BBD8-4102-A05E-0F0B48DB483E}.Debug|Any CPU.ActiveCfg = Debug|Any CPU
		{C447286A-BBD8-4102-A05E-0F0B48DB483E}.Debug|Any CPU.Build.0 = Debug|Any CPU
		{C447286A-BBD8-4102-A05E-0F0B48DB483E}.Release|Any CPU.ActiveCfg = Release|Any CPU
		{C447286A-BBD8-4102-A05E-0F0B48DB483E}.Release|Any CPU.Build.0 = Release|Any CPU
		{AD32CCCA-E563-4F5A-A2DC-225D62CDB2CD}.Debug|Any CPU.ActiveCfg = Debug|Any CPU
		{AD32CCCA-E563-4F5A-A2DC-225D62CDB2CD}.Debug|Any CPU.Build.0 = Debug|Any CPU
		{AD32CCCA-E563-4F5A-A2DC-225D62CDB2CD}.Release|Any CPU.ActiveCfg = Release|Any CPU
		{AD32CCCA-E563-4F5A-A2DC-225D62CDB2CD}.Release|Any CPU.Build.0 = Release|Any CPU
		{AD695BAD-33BC-4746-AE8C-4438757B57B0}.Debug|Any CPU.ActiveCfg = Debug|Any CPU
		{AD695BAD-33BC-4746-AE8C-4438757B57B0}.Debug|Any CPU.Build.0 = Debug|Any CPU
		{AD695BAD-33BC-4746-AE8C-4438757B57B0}.Release|Any CPU.ActiveCfg = Release|Any CPU
		{AD695BAD-33BC-4746-AE8C-4438757B57B0}.Release|Any CPU.Build.0 = Release|Any CPU
		{5D5F1A1D-9EDA-4F0E-8C0A-150AAB4DB75E}.Debug|Any CPU.ActiveCfg = Debug|Any CPU
		{5D5F1A1D-9EDA-4F0E-8C0A-150AAB4DB75E}.Debug|Any CPU.Build.0 = Debug|Any CPU
		{5D5F1A1D-9EDA-4F0E-8C0A-150AAB4DB75E}.Release|Any CPU.ActiveCfg = Release|Any CPU
		{5D5F1A1D-9EDA-4F0E-8C0A-150AAB4DB75E}.Release|Any CPU.Build.0 = Release|Any CPU
		{AAACF6BB-AF7E-49A1-A389-9C3BD2C5475B}.Debug|Any CPU.ActiveCfg = Debug|Any CPU
		{AAACF6BB-AF7E-49A1-A389-9C3BD2C5475B}.Debug|Any CPU.Build.0 = Debug|Any CPU
		{AAACF6BB-AF7E-49A1-A389-9C3BD2C5475B}.Release|Any CPU.ActiveCfg = Release|Any CPU
		{AAACF6BB-AF7E-49A1-A389-9C3BD2C5475B}.Release|Any CPU.Build.0 = Release|Any CPU
		{E4712CFF-5F48-430D-8578-563A3E02E6DB}.Debug|Any CPU.ActiveCfg = Debug|Any CPU
		{E4712CFF-5F48-430D-8578-563A3E02E6DB}.Debug|Any CPU.Build.0 = Debug|Any CPU
		{E4712CFF-5F48-430D-8578-563A3E02E6DB}.Release|Any CPU.ActiveCfg = Release|Any CPU
		{E4712CFF-5F48-430D-8578-563A3E02E6DB}.Release|Any CPU.Build.0 = Release|Any CPU
		{D4F531D4-BEC8-4A97-8AC0-831E37F503B5}.Debug|Any CPU.ActiveCfg = Debug|Any CPU
		{D4F531D4-BEC8-4A97-8AC0-831E37F503B5}.Debug|Any CPU.Build.0 = Debug|Any CPU
		{D4F531D4-BEC8-4A97-8AC0-831E37F503B5}.Release|Any CPU.ActiveCfg = Release|Any CPU
		{D4F531D4-BEC8-4A97-8AC0-831E37F503B5}.Release|Any CPU.Build.0 = Release|Any CPU
		{FD3DB918-EBAF-4286-AFF0-26343124265D}.Debug|Any CPU.ActiveCfg = Debug|Any CPU
		{FD3DB918-EBAF-4286-AFF0-26343124265D}.Debug|Any CPU.Build.0 = Debug|Any CPU
		{FD3DB918-EBAF-4286-AFF0-26343124265D}.Release|Any CPU.ActiveCfg = Release|Any CPU
		{FD3DB918-EBAF-4286-AFF0-26343124265D}.Release|Any CPU.Build.0 = Release|Any CPU
		{71A7D3B5-4678-4E2E-A631-C8E4614FCCBF}.Debug|Any CPU.ActiveCfg = Debug|Any CPU
		{71A7D3B5-4678-4E2E-A631-C8E4614FCCBF}.Debug|Any CPU.Build.0 = Debug|Any CPU
		{71A7D3B5-4678-4E2E-A631-C8E4614FCCBF}.Release|Any CPU.ActiveCfg = Release|Any CPU
		{71A7D3B5-4678-4E2E-A631-C8E4614FCCBF}.Release|Any CPU.Build.0 = Release|Any CPU
		{13D37C55-E8E2-4356-BFE7-1B55C3C1DA4D}.Debug|Any CPU.ActiveCfg = Debug|Any CPU
		{13D37C55-E8E2-4356-BFE7-1B55C3C1DA4D}.Debug|Any CPU.Build.0 = Debug|Any CPU
		{13D37C55-E8E2-4356-BFE7-1B55C3C1DA4D}.Release|Any CPU.ActiveCfg = Release|Any CPU
		{13D37C55-E8E2-4356-BFE7-1B55C3C1DA4D}.Release|Any CPU.Build.0 = Release|Any CPU
		{6E11447C-BEC1-4371-B4D6-CB3707B10344}.Debug|Any CPU.ActiveCfg = Debug|Any CPU
		{6E11447C-BEC1-4371-B4D6-CB3707B10344}.Debug|Any CPU.Build.0 = Debug|Any CPU
		{6E11447C-BEC1-4371-B4D6-CB3707B10344}.Release|Any CPU.ActiveCfg = Release|Any CPU
		{6E11447C-BEC1-4371-B4D6-CB3707B10344}.Release|Any CPU.Build.0 = Release|Any CPU
		{14D86159-F7A3-4025-90EB-04DA5F540D52}.Debug|Any CPU.ActiveCfg = Debug|Any CPU
		{14D86159-F7A3-4025-90EB-04DA5F540D52}.Debug|Any CPU.Build.0 = Debug|Any CPU
		{14D86159-F7A3-4025-90EB-04DA5F540D52}.Release|Any CPU.ActiveCfg = Release|Any CPU
		{14D86159-F7A3-4025-90EB-04DA5F540D52}.Release|Any CPU.Build.0 = Release|Any CPU
	EndGlobalSection
	GlobalSection(SolutionProperties) = preSolution
		HideSolutionNode = FALSE
	EndGlobalSection
	GlobalSection(NestedProjects) = preSolution
		{ED8B590C-758B-4BF4-B8AE-2CB4EAC99725} = {D0484DD2-02FF-45C5-AD52-78BB22D2B829}
		{59458E1B-A402-4C80-B6E4-DDBC4CA5F93B} = {D0484DD2-02FF-45C5-AD52-78BB22D2B829}
		{1647E01A-96A0-42EF-A95F-E6EA232B3975} = {D0484DD2-02FF-45C5-AD52-78BB22D2B829}
		{C447286A-BBD8-4102-A05E-0F0B48DB483E} = {AD066D9C-FCE4-41DD-9D5F-7BC741B77D6D}
		{AD32CCCA-E563-4F5A-A2DC-225D62CDB2CD} = {AD066D9C-FCE4-41DD-9D5F-7BC741B77D6D}
		{AD695BAD-33BC-4746-AE8C-4438757B57B0} = {AD066D9C-FCE4-41DD-9D5F-7BC741B77D6D}
		{5D5F1A1D-9EDA-4F0E-8C0A-150AAB4DB75E} = {2CF3611B-1558-446A-8992-89BFD4EB2BBB}
		{AAACF6BB-AF7E-49A1-A389-9C3BD2C5475B} = {2CF3611B-1558-446A-8992-89BFD4EB2BBB}
		{E4712CFF-5F48-430D-8578-563A3E02E6DB} = {2CF3611B-1558-446A-8992-89BFD4EB2BBB}
		{D4F531D4-BEC8-4A97-8AC0-831E37F503B5} = {2CF3611B-1558-446A-8992-89BFD4EB2BBB}
		{FD3DB918-EBAF-4286-AFF0-26343124265D} = {2CF3611B-1558-446A-8992-89BFD4EB2BBB}
		{71A7D3B5-4678-4E2E-A631-C8E4614FCCBF} = {2CF3611B-1558-446A-8992-89BFD4EB2BBB}
		{13D37C55-E8E2-4356-BFE7-1B55C3C1DA4D} = {2CF3611B-1558-446A-8992-89BFD4EB2BBB}
		{6E11447C-BEC1-4371-B4D6-CB3707B10344} = {2CF3611B-1558-446A-8992-89BFD4EB2BBB}
		{14D86159-F7A3-4025-90EB-04DA5F540D52} = {2CF3611B-1558-446A-8992-89BFD4EB2BBB}
	EndGlobalSection
	GlobalSection(ExtensibilityGlobals) = postSolution
		SolutionGuid = {FDE58E48-9F85-45A8-AEE6-6F08C3EF4FB0}
	EndGlobalSection
EndGlobal
